Microsoft Visual Studio Solution File, Format Version 12.00
# Visual Studio Version 17
VisualStudioVersion = 17.5.2.0
MinimumVisualStudioVersion = 10.0.40219.1
Project("{FAE04EC0-301F-11D3-BF4B-00C04F79EFBC}") = "hi guys", "hi guys.csproj", "{853AB98A-E634-DC66-B46B-820EACF8EF5F}"
EndProject
Global
	GlobalSection(SolutionConfigurationPlatforms) = preSolution
		Debug|Any CPU = Debug|Any CPU
		Release|Any CPU = Release|Any CPU
	EndGlobalSection
	GlobalSection(ProjectConfigurationPlatforms) = postSolution
		{853AB98A-E634-DC66-B46B-820EACF8EF5F}.Debug|Any CPU.ActiveCfg = Debug|Any CPU
		{853AB98A-E634-DC66-B46B-820EACF8EF5F}.Debug|Any CPU.Build.0 = Debug|Any CPU
		{853AB98A-E634-DC66-B46B-820EACF8EF5F}.Release|Any CPU.ActiveCfg = Release|Any CPU
		{853AB98A-E634-DC66-B46B-820EACF8EF5F}.Release|Any CPU.Build.0 = Release|Any CPU
	EndGlobalSection
	GlobalSection(SolutionProperties) = preSolution
		HideSolutionNode = FALSE
	EndGlobalSection
	GlobalSection(ExtensibilityGlobals) = postSolution
		SolutionGuid = {BA4DE052-6961-49EF-8E54-3671AD1FD8CE}
	EndGlobalSection
EndGlobal
